// !$*UTF8*$!
{
	archiveVersion = 1;
	classes = {
	};
	objectVersion = 50;
	objects = {

/* Begin PBXBuildFile section */
		8416469B21AFBF3D00E01D8F /* Resources.bundle in Resources */ = {isa = PBXBuildFile; fileRef = 8416469A21AFBF3D00E01D8F /* Resources.bundle */; };
		841646E221AFCEDA00E01D8F /* GM@3x.png in Resources */ = {isa = PBXBuildFile; fileRef = 841646CC21AFCEDA00E01D8F /* GM@3x.png */; };
		841646E321AFCEDA00E01D8F /* IN@2x.png in Resources */ = {isa = PBXBuildFile; fileRef = 841646CD21AFCEDA00E01D8F /* IN@2x.png */; };
		841646E421AFCEDA00E01D8F /* JP@2x.png in Resources */ = {isa = PBXBuildFile; fileRef = 841646CE21AFCEDA00E01D8F /* JP@2x.png */; };
		841646E521AFCEDA00E01D8F /* JP@3x.png in Resources */ = {isa = PBXBuildFile; fileRef = 841646CF21AFCEDA00E01D8F /* JP@3x.png */; };
		841646E621AFCEDA00E01D8F /* IN@3x.png in Resources */ = {isa = PBXBuildFile; fileRef = 841646D021AFCEDA00E01D8F /* IN@3x.png */; };
		841646E721AFCEDA00E01D8F /* SK-1.png in Resources */ = {isa = PBXBuildFile; fileRef = 841646D121AFCEDA00E01D8F /* SK-1.png */; };
		841646E821AFCEDA00E01D8F /* GM@2x.png in Resources */ = {isa = PBXBuildFile; fileRef = 841646D221AFCEDA00E01D8F /* GM@2x.png */; };
		841646E921AFCEDA00E01D8F /* NL@3x.png in Resources */ = {isa = PBXBuildFile; fileRef = 841646D321AFCEDA00E01D8F /* NL@3x.png */; };
		841646EA21AFCEDA00E01D8F /* TW@3x.png in Resources */ = {isa = PBXBuildFile; fileRef = 841646D421AFCEDA00E01D8F /* TW@3x.png */; };
		841646EB21AFCEDA00E01D8F /* SK.png in Resources */ = {isa = PBXBuildFile; fileRef = 841646D521AFCEDA00E01D8F /* SK.png */; };
		841646EC21AFCEDA00E01D8F /* TW@2x.png in Resources */ = {isa = PBXBuildFile; fileRef = 841646D621AFCEDA00E01D8F /* TW@2x.png */; };
		841646ED21AFCEDA00E01D8F /* NL@2x.png in Resources */ = {isa = PBXBuildFile; fileRef = 841646D721AFCEDA00E01D8F /* NL@2x.png */; };
		841646EE21AFCEDA00E01D8F /* UK@3x.png in Resources */ = {isa = PBXBuildFile; fileRef = 841646D821AFCEDA00E01D8F /* UK@3x.png */; };
		841646EF21AFCEDA00E01D8F /* US@3x.png in Resources */ = {isa = PBXBuildFile; fileRef = 841646D921AFCEDA00E01D8F /* US@3x.png */; };
		841646F021AFCEDA00E01D8F /* SP@3x.png in Resources */ = {isa = PBXBuildFile; fileRef = 841646DA21AFCEDA00E01D8F /* SP@3x.png */; };
		841646F121AFCEDA00E01D8F /* CA@3x.png in Resources */ = {isa = PBXBuildFile; fileRef = 841646DB21AFCEDA00E01D8F /* CA@3x.png */; };
		841646F221AFCEDA00E01D8F /* HK@2x.png in Resources */ = {isa = PBXBuildFile; fileRef = 841646DC21AFCEDA00E01D8F /* HK@2x.png */; };
		841646F321AFCEDA00E01D8F /* HK@3x.png in Resources */ = {isa = PBXBuildFile; fileRef = 841646DD21AFCEDA00E01D8F /* HK@3x.png */; };
		841646F421AFCEDA00E01D8F /* CA@2x.png in Resources */ = {isa = PBXBuildFile; fileRef = 841646DE21AFCEDA00E01D8F /* CA@2x.png */; };
		841646F521AFCEDA00E01D8F /* SP@2x.png in Resources */ = {isa = PBXBuildFile; fileRef = 841646DF21AFCEDA00E01D8F /* SP@2x.png */; };
		841646F621AFCEDA00E01D8F /* US@2x.png in Resources */ = {isa = PBXBuildFile; fileRef = 841646E021AFCEDA00E01D8F /* US@2x.png */; };
		841646F721AFCEDA00E01D8F /* UK@2x.png in Resources */ = {isa = PBXBuildFile; fileRef = 841646E121AFCEDA00E01D8F /* UK@2x.png */; };
		841DFBB221AD19BF0012DFAB /* AppDelegate.swift in Sources */ = {isa = PBXBuildFile; fileRef = 841DFBB121AD19BF0012DFAB /* AppDelegate.swift */; };
		841DFBB421AD19BF0012DFAB /* ViewController.swift in Sources */ = {isa = PBXBuildFile; fileRef = 841DFBB321AD19BF0012DFAB /* ViewController.swift */; };
		841DFBB721AD19BF0012DFAB /* Main.storyboard in Resources */ = {isa = PBXBuildFile; fileRef = 841DFBB521AD19BF0012DFAB /* Main.storyboard */; };
		841DFBB921AD19C10012DFAB /* Assets.xcassets in Resources */ = {isa = PBXBuildFile; fileRef = 841DFBB821AD19C10012DFAB /* Assets.xcassets */; };
		841DFBBC21AD19C10012DFAB /* LaunchScreen.storyboard in Resources */ = {isa = PBXBuildFile; fileRef = 841DFBBA21AD19C10012DFAB /* LaunchScreen.storyboard */; };
		841DFBC221AD1CD30012DFAB /* EView.swift in Sources */ = {isa = PBXBuildFile; fileRef = 841DFBC121AD1CD30012DFAB /* EView.swift */; };
		841DFBC421AD20730012DFAB /* ESupports.swift in Sources */ = {isa = PBXBuildFile; fileRef = 841DFBC321AD20730012DFAB /* ESupports.swift */; };
		841DFBC521AD25CB0012DFAB /* EView.swift in Headers */ = {isa = PBXBuildFile; fileRef = 841DFBC121AD1CD30012DFAB /* EView.swift */; settings = {ATTRIBUTES = (Public, ); }; };
		841DFBC621AD25CB0012DFAB /* ESupports.swift in Headers */ = {isa = PBXBuildFile; fileRef = 841DFBC321AD20730012DFAB /* ESupports.swift */; settings = {ATTRIBUTES = (Public, ); }; };
		841DFBC821AD26530012DFAB /* Expander.framework in Frameworks */ = {isa = PBXBuildFile; fileRef = 841DFBA021AD199D0012DFAB /* Expander.framework */; };
		8421392821AE3043000DD0FD /* EViewBehavior.swift in Sources */ = {isa = PBXBuildFile; fileRef = 8421392721AE3043000DD0FD /* EViewBehavior.swift */; };
		8421392A21AE7FB6000DD0FD /* EViewConfig.swift in Sources */ = {isa = PBXBuildFile; fileRef = 8421392921AE7FB6000DD0FD /* EViewConfig.swift */; };
		84827A8521B8C41700D5CD76 /* EViewGroup.swift in Sources */ = {isa = PBXBuildFile; fileRef = 84827A8421B8C41700D5CD76 /* EViewGroup.swift */; };
/* End PBXBuildFile section */

/* Begin PBXFileReference section */
		8416469A21AFBF3D00E01D8F /* Resources.bundle */ = {isa = PBXFileReference; lastKnownFileType = "wrapper.plug-in"; path = Resources.bundle; sourceTree = "<group>"; };
		841646CC21AFCEDA00E01D8F /* GM@3x.png */ = {isa = PBXFileReference; lastKnownFileType = image.png; path = "GM@3x.png"; sourceTree = "<group>"; };
		841646CD21AFCEDA00E01D8F /* IN@2x.png */ = {isa = PBXFileReference; lastKnownFileType = image.png; path = "IN@2x.png"; sourceTree = "<group>"; };
		841646CE21AFCEDA00E01D8F /* JP@2x.png */ = {isa = PBXFileReference; lastKnownFileType = image.png; path = "JP@2x.png"; sourceTree = "<group>"; };
		841646CF21AFCEDA00E01D8F /* JP@3x.png */ = {isa = PBXFileReference; lastKnownFileType = image.png; path = "JP@3x.png"; sourceTree = "<group>"; };
		841646D021AFCEDA00E01D8F /* IN@3x.png */ = {isa = PBXFileReference; lastKnownFileType = image.png; path = "IN@3x.png"; sourceTree = "<group>"; };
		841646D121AFCEDA00E01D8F /* SK-1.png */ = {isa = PBXFileReference; lastKnownFileType = image.png; path = "SK-1.png"; sourceTree = "<group>"; };
		841646D221AFCEDA00E01D8F /* GM@2x.png */ = {isa = PBXFileReference; lastKnownFileType = image.png; path = "GM@2x.png"; sourceTree = "<group>"; };
		841646D321AFCEDA00E01D8F /* NL@3x.png */ = {isa = PBXFileReference; lastKnownFileType = image.png; path = "NL@3x.png"; sourceTree = "<group>"; };
		841646D421AFCEDA00E01D8F /* TW@3x.png */ = {isa = PBXFileReference; lastKnownFileType = image.png; path = "TW@3x.png"; sourceTree = "<group>"; };
		841646D521AFCEDA00E01D8F /* SK.png */ = {isa = PBXFileReference; lastKnownFileType = image.png; path = SK.png; sourceTree = "<group>"; };
		841646D621AFCEDA00E01D8F /* TW@2x.png */ = {isa = PBXFileReference; lastKnownFileType = image.png; path = "TW@2x.png"; sourceTree = "<group>"; };
		841646D721AFCEDA00E01D8F /* NL@2x.png */ = {isa = PBXFileReference; lastKnownFileType = image.png; path = "NL@2x.png"; sourceTree = "<group>"; };
		841646D821AFCEDA00E01D8F /* UK@3x.png */ = {isa = PBXFileReference; lastKnownFileType = image.png; path = "UK@3x.png"; sourceTree = "<group>"; };
		841646D921AFCEDA00E01D8F /* US@3x.png */ = {isa = PBXFileReference; lastKnownFileType = image.png; path = "US@3x.png"; sourceTree = "<group>"; };
		841646DA21AFCEDA00E01D8F /* SP@3x.png */ = {isa = PBXFileReference; lastKnownFileType = image.png; path = "SP@3x.png"; sourceTree = "<group>"; };
		841646DB21AFCEDA00E01D8F /* CA@3x.png */ = {isa = PBXFileReference; lastKnownFileType = image.png; path = "CA@3x.png"; sourceTree = "<group>"; };
		841646DC21AFCEDA00E01D8F /* HK@2x.png */ = {isa = PBXFileReference; lastKnownFileType = image.png; path = "HK@2x.png"; sourceTree = "<group>"; };
		841646DD21AFCEDA00E01D8F /* HK@3x.png */ = {isa = PBXFileReference; lastKnownFileType = image.png; path = "HK@3x.png"; sourceTree = "<group>"; };
		841646DE21AFCEDA00E01D8F /* CA@2x.png */ = {isa = PBXFileReference; lastKnownFileType = image.png; path = "CA@2x.png"; sourceTree = "<group>"; };
		841646DF21AFCEDA00E01D8F /* SP@2x.png */ = {isa = PBXFileReference; lastKnownFileType = image.png; path = "SP@2x.png"; sourceTree = "<group>"; };
		841646E021AFCEDA00E01D8F /* US@2x.png */ = {isa = PBXFileReference; lastKnownFileType = image.png; path = "US@2x.png"; sourceTree = "<group>"; };
		841646E121AFCEDA00E01D8F /* UK@2x.png */ = {isa = PBXFileReference; lastKnownFileType = image.png; path = "UK@2x.png"; sourceTree = "<group>"; };
		841DFBA021AD199D0012DFAB /* Expander.framework */ = {isa = PBXFileReference; explicitFileType = wrapper.framework; includeInIndex = 0; path = Expander.framework; sourceTree = BUILT_PRODUCTS_DIR; };
		841DFBA321AD199D0012DFAB /* Expander.h */ = {isa = PBXFileReference; lastKnownFileType = sourcecode.c.h; path = Expander.h; sourceTree = "<group>"; };
		841DFBA421AD199D0012DFAB /* Info.plist */ = {isa = PBXFileReference; lastKnownFileType = text.plist.xml; path = Info.plist; sourceTree = "<group>"; };
		841DFBAF21AD19BF0012DFAB /* ExpanderExample.app */ = {isa = PBXFileReference; explicitFileType = wrapper.application; includeInIndex = 0; path = ExpanderExample.app; sourceTree = BUILT_PRODUCTS_DIR; };
		841DFBB121AD19BF0012DFAB /* AppDelegate.swift */ = {isa = PBXFileReference; lastKnownFileType = sourcecode.swift; path = AppDelegate.swift; sourceTree = "<group>"; };
		841DFBB321AD19BF0012DFAB /* ViewController.swift */ = {isa = PBXFileReference; lastKnownFileType = sourcecode.swift; path = ViewController.swift; sourceTree = "<group>"; };
		841DFBB621AD19BF0012DFAB /* Base */ = {isa = PBXFileReference; lastKnownFileType = file.storyboard; name = Base; path = Base.lproj/Main.storyboard; sourceTree = "<group>"; };
		841DFBB821AD19C10012DFAB /* Assets.xcassets */ = {isa = PBXFileReference; lastKnownFileType = folder.assetcatalog; path = Assets.xcassets; sourceTree = "<group>"; };
		841DFBBB21AD19C10012DFAB /* Base */ = {isa = PBXFileReference; lastKnownFileType = file.storyboard; name = Base; path = Base.lproj/LaunchScreen.storyboard; sourceTree = "<group>"; };
		841DFBBD21AD19C10012DFAB /* Info.plist */ = {isa = PBXFileReference; lastKnownFileType = text.plist.xml; path = Info.plist; sourceTree = "<group>"; };
		841DFBC121AD1CD30012DFAB /* EView.swift */ = {isa = PBXFileReference; lastKnownFileType = sourcecode.swift; path = EView.swift; sourceTree = "<group>"; };
		841DFBC321AD20730012DFAB /* ESupports.swift */ = {isa = PBXFileReference; lastKnownFileType = sourcecode.swift; path = ESupports.swift; sourceTree = "<group>"; };
		8421392721AE3043000DD0FD /* EViewBehavior.swift */ = {isa = PBXFileReference; lastKnownFileType = sourcecode.swift; path = EViewBehavior.swift; sourceTree = "<group>"; };
		8421392921AE7FB6000DD0FD /* EViewConfig.swift */ = {isa = PBXFileReference; lastKnownFileType = sourcecode.swift; path = EViewConfig.swift; sourceTree = "<group>"; };
		84827A8421B8C41700D5CD76 /* EViewGroup.swift */ = {isa = PBXFileReference; lastKnownFileType = sourcecode.swift; path = EViewGroup.swift; sourceTree = "<group>"; };
/* End PBXFileReference section */

/* Begin PBXFrameworksBuildPhase section */
		841DFB9D21AD199D0012DFAB /* Frameworks */ = {
			isa = PBXFrameworksBuildPhase;
			buildActionMask = 2147483647;
			files = (
			);
			runOnlyForDeploymentPostprocessing = 0;
		};
		841DFBAC21AD19BF0012DFAB /* Frameworks */ = {
			isa = PBXFrameworksBuildPhase;
			buildActionMask = 2147483647;
			files = (
				841DFBC821AD26530012DFAB /* Expander.framework in Frameworks */,
			);
			runOnlyForDeploymentPostprocessing = 0;
		};
/* End PBXFrameworksBuildPhase section */

/* Begin PBXGroup section */
		841646CB21AFCEDA00E01D8F /* flags */ = {
			isa = PBXGroup;
			children = (
				841646CC21AFCEDA00E01D8F /* GM@3x.png */,
				841646CD21AFCEDA00E01D8F /* IN@2x.png */,
				841646CE21AFCEDA00E01D8F /* JP@2x.png */,
				841646CF21AFCEDA00E01D8F /* JP@3x.png */,
				841646D021AFCEDA00E01D8F /* IN@3x.png */,
				841646D121AFCEDA00E01D8F /* SK-1.png */,
				841646D221AFCEDA00E01D8F /* GM@2x.png */,
				841646D321AFCEDA00E01D8F /* NL@3x.png */,
				841646D421AFCEDA00E01D8F /* TW@3x.png */,
				841646D521AFCEDA00E01D8F /* SK.png */,
				841646D621AFCEDA00E01D8F /* TW@2x.png */,
				841646D721AFCEDA00E01D8F /* NL@2x.png */,
				841646D821AFCEDA00E01D8F /* UK@3x.png */,
				841646D921AFCEDA00E01D8F /* US@3x.png */,
				841646DA21AFCEDA00E01D8F /* SP@3x.png */,
				841646DB21AFCEDA00E01D8F /* CA@3x.png */,
				841646DC21AFCEDA00E01D8F /* HK@2x.png */,
				841646DD21AFCEDA00E01D8F /* HK@3x.png */,
				841646DE21AFCEDA00E01D8F /* CA@2x.png */,
				841646DF21AFCEDA00E01D8F /* SP@2x.png */,
				841646E021AFCEDA00E01D8F /* US@2x.png */,
				841646E121AFCEDA00E01D8F /* UK@2x.png */,
			);
			path = flags;
			sourceTree = "<group>";
		};
		841DFB9621AD199D0012DFAB = {
			isa = PBXGroup;
			children = (
				841DFBA221AD199D0012DFAB /* Expander */,
				841DFBB021AD19BF0012DFAB /* ExpanderExample */,
				841DFBA121AD199D0012DFAB /* Products */,
				841DFBC721AD26530012DFAB /* Frameworks */,
			);
			sourceTree = "<group>";
		};
		841DFBA121AD199D0012DFAB /* Products */ = {
			isa = PBXGroup;
			children = (
				841DFBA021AD199D0012DFAB /* Expander.framework */,
				841DFBAF21AD19BF0012DFAB /* ExpanderExample.app */,
			);
			name = Products;
			sourceTree = "<group>";
		};
		841DFBA221AD199D0012DFAB /* Expander */ = {
			isa = PBXGroup;
			children = (
				841DFBA321AD199D0012DFAB /* Expander.h */,
				841DFBA421AD199D0012DFAB /* Info.plist */,
				841DFBC121AD1CD30012DFAB /* EView.swift */,
				84827A8421B8C41700D5CD76 /* EViewGroup.swift */,
				8421392921AE7FB6000DD0FD /* EViewConfig.swift */,
				8421392721AE3043000DD0FD /* EViewBehavior.swift */,
				841DFBC321AD20730012DFAB /* ESupports.swift */,
				8416469A21AFBF3D00E01D8F /* Resources.bundle */,
			);
			path = Expander;
			sourceTree = "<group>";
		};
		841DFBB021AD19BF0012DFAB /* ExpanderExample */ = {
			isa = PBXGroup;
			children = (
				842478BF21B675B500DD8BF0 /* Effects */,
				841646CB21AFCEDA00E01D8F /* flags */,
				841DFBB121AD19BF0012DFAB /* AppDelegate.swift */,
				841DFBB321AD19BF0012DFAB /* ViewController.swift */,
				841DFBB521AD19BF0012DFAB /* Main.storyboard */,
				841DFBB821AD19C10012DFAB /* Assets.xcassets */,
				841DFBBA21AD19C10012DFAB /* LaunchScreen.storyboard */,
				841DFBBD21AD19C10012DFAB /* Info.plist */,
			);
			path = ExpanderExample;
			sourceTree = "<group>";
		};
		841DFBC721AD26530012DFAB /* Frameworks */ = {
			isa = PBXGroup;
			children = (
			);
			name = Frameworks;
			sourceTree = "<group>";
		};
		842478BF21B675B500DD8BF0 /* Effects */ = {
			isa = PBXGroup;
			children = (
			);
			path = Effects;
			sourceTree = "<group>";
		};
/* End PBXGroup section */

/* Begin PBXHeadersBuildPhase section */
		841DFB9B21AD199D0012DFAB /* Headers */ = {
			isa = PBXHeadersBuildPhase;
			buildActionMask = 2147483647;
			files = (
				841DFBC521AD25CB0012DFAB /* EView.swift in Headers */,
				841DFBC621AD25CB0012DFAB /* ESupports.swift in Headers */,
			);
			runOnlyForDeploymentPostprocessing = 0;
		};
/* End PBXHeadersBuildPhase section */

/* Begin PBXNativeTarget section */
		841DFB9F21AD199D0012DFAB /* Expander */ = {
			isa = PBXNativeTarget;
			buildConfigurationList = 841DFBA821AD199D0012DFAB /* Build configuration list for PBXNativeTarget "Expander" */;
			buildPhases = (
				841DFB9B21AD199D0012DFAB /* Headers */,
				841DFB9C21AD199D0012DFAB /* Sources */,
				841DFB9D21AD199D0012DFAB /* Frameworks */,
				841DFB9E21AD199D0012DFAB /* Resources */,
			);
			buildRules = (
			);
			dependencies = (
			);
			name = Expander;
			productName = Expander;
			productReference = 841DFBA021AD199D0012DFAB /* Expander.framework */;
			productType = "com.apple.product-type.framework";
		};
		841DFBAE21AD19BF0012DFAB /* ExpanderExample */ = {
			isa = PBXNativeTarget;
			buildConfigurationList = 841DFBBE21AD19C10012DFAB /* Build configuration list for PBXNativeTarget "ExpanderExample" */;
			buildPhases = (
				841DFBAB21AD19BF0012DFAB /* Sources */,
				841DFBAC21AD19BF0012DFAB /* Frameworks */,
				841DFBAD21AD19BF0012DFAB /* Resources */,
			);
			buildRules = (
			);
			dependencies = (
			);
			name = ExpanderExample;
			productName = ExpanderExample;
			productReference = 841DFBAF21AD19BF0012DFAB /* ExpanderExample.app */;
			productType = "com.apple.product-type.application";
		};
/* End PBXNativeTarget section */

/* Begin PBXProject section */
		841DFB9721AD199D0012DFAB /* Project object */ = {
			isa = PBXProject;
			attributes = {
				LastSwiftUpdateCheck = 1010;
				LastUpgradeCheck = 1010;
				ORGANIZATIONNAME = Develop;
				TargetAttributes = {
					841DFB9F21AD199D0012DFAB = {
						CreatedOnToolsVersion = 10.1;
						LastSwiftMigration = 1010;
					};
					841DFBAE21AD19BF0012DFAB = {
						CreatedOnToolsVersion = 10.1;
					};
				};
			};
			buildConfigurationList = 841DFB9A21AD199D0012DFAB /* Build configuration list for PBXProject "Expander" */;
			compatibilityVersion = "Xcode 9.3";
			developmentRegion = en;
			hasScannedForEncodings = 0;
			knownRegions = (
				en,
				Base,
			);
			mainGroup = 841DFB9621AD199D0012DFAB;
			productRefGroup = 841DFBA121AD199D0012DFAB /* Products */;
			projectDirPath = "";
			projectRoot = "";
			targets = (
				841DFB9F21AD199D0012DFAB /* Expander */,
				841DFBAE21AD19BF0012DFAB /* ExpanderExample */,
			);
		};
/* End PBXProject section */

/* Begin PBXResourcesBuildPhase section */
		841DFB9E21AD199D0012DFAB /* Resources */ = {
			isa = PBXResourcesBuildPhase;
			buildActionMask = 2147483647;
			files = (
				8416469B21AFBF3D00E01D8F /* Resources.bundle in Resources */,
			);
			runOnlyForDeploymentPostprocessing = 0;
		};
		841DFBAD21AD19BF0012DFAB /* Resources */ = {
			isa = PBXResourcesBuildPhase;
			buildActionMask = 2147483647;
			files = (
				841646EB21AFCEDA00E01D8F /* SK.png in Resources */,
				841646F721AFCEDA00E01D8F /* UK@2x.png in Resources */,
				841646EC21AFCEDA00E01D8F /* TW@2x.png in Resources */,
				841646E821AFCEDA00E01D8F /* GM@2x.png in Resources */,
				841646E721AFCEDA00E01D8F /* SK-1.png in Resources */,
				841646E921AFCEDA00E01D8F /* NL@3x.png in Resources */,
				841DFBBC21AD19C10012DFAB /* LaunchScreen.storyboard in Resources */,
				841646F521AFCEDA00E01D8F /* SP@2x.png in Resources */,
				841646F021AFCEDA00E01D8F /* SP@3x.png in Resources */,
				841646E521AFCEDA00E01D8F /* JP@3x.png in Resources */,
				841646EE21AFCEDA00E01D8F /* UK@3x.png in Resources */,
				841DFBB921AD19C10012DFAB /* Assets.xcassets in Resources */,
				841646EF21AFCEDA00E01D8F /* US@3x.png in Resources */,
				841646ED21AFCEDA00E01D8F /* NL@2x.png in Resources */,
				841646F421AFCEDA00E01D8F /* CA@2x.png in Resources */,
				841646F621AFCEDA00E01D8F /* US@2x.png in Resources */,
				841646E421AFCEDA00E01D8F /* JP@2x.png in Resources */,
				841DFBB721AD19BF0012DFAB /* Main.storyboard in Resources */,
				841646F121AFCEDA00E01D8F /* CA@3x.png in Resources */,
				841646F321AFCEDA00E01D8F /* HK@3x.png in Resources */,
				841646E221AFCEDA00E01D8F /* GM@3x.png in Resources */,
				841646E621AFCEDA00E01D8F /* IN@3x.png in Resources */,
				841646F221AFCEDA00E01D8F /* HK@2x.png in Resources */,
				841646EA21AFCEDA00E01D8F /* TW@3x.png in Resources */,
				841646E321AFCEDA00E01D8F /* IN@2x.png in Resources */,
			);
			runOnlyForDeploymentPostprocessing = 0;
		};
/* End PBXResourcesBuildPhase section */

/* Begin PBXSourcesBuildPhase section */
		841DFB9C21AD199D0012DFAB /* Sources */ = {
			isa = PBXSourcesBuildPhase;
			buildActionMask = 2147483647;
			files = (
				841DFBC421AD20730012DFAB /* ESupports.swift in Sources */,
				841DFBC221AD1CD30012DFAB /* EView.swift in Sources */,
				84827A8521B8C41700D5CD76 /* EViewGroup.swift in Sources */,
				8421392821AE3043000DD0FD /* EViewBehavior.swift in Sources */,
				8421392A21AE7FB6000DD0FD /* EViewConfig.swift in Sources */,
			);
			runOnlyForDeploymentPostprocessing = 0;
		};
		841DFBAB21AD19BF0012DFAB /* Sources */ = {
			isa = PBXSourcesBuildPhase;
			buildActionMask = 2147483647;
			files = (
				841DFBB421AD19BF0012DFAB /* ViewController.swift in Sources */,
				841DFBB221AD19BF0012DFAB /* AppDelegate.swift in Sources */,
			);
			runOnlyForDeploymentPostprocessing = 0;
		};
/* End PBXSourcesBuildPhase section */

/* Begin PBXVariantGroup section */
		841DFBB521AD19BF0012DFAB /* Main.storyboard */ = {
			isa = PBXVariantGroup;
			children = (
				841DFBB621AD19BF0012DFAB /* Base */,
			);
			name = Main.storyboard;
			sourceTree = "<group>";
		};
		841DFBBA21AD19C10012DFAB /* LaunchScreen.storyboard */ = {
			isa = PBXVariantGroup;
			children = (
				841DFBBB21AD19C10012DFAB /* Base */,
			);
			name = LaunchScreen.storyboard;
			sourceTree = "<group>";
		};
/* End PBXVariantGroup section */

/* Begin XCBuildConfiguration section */
		841DFBA621AD199D0012DFAB /* Debug */ = {
			isa = XCBuildConfiguration;
			buildSettings = {
				ALWAYS_SEARCH_USER_PATHS = NO;
				CLANG_ANALYZER_NONNULL = YES;
				CLANG_ANALYZER_NUMBER_OBJECT_CONVERSION = YES_AGGRESSIVE;
				CLANG_CXX_LANGUAGE_STANDARD = "gnu++14";
				CLANG_CXX_LIBRARY = "libc++";
				CLANG_ENABLE_MODULES = YES;
				CLANG_ENABLE_OBJC_ARC = YES;
				CLANG_ENABLE_OBJC_WEAK = YES;
				CLANG_WARN_BLOCK_CAPTURE_AUTORELEASING = YES;
				CLANG_WARN_BOOL_CONVERSION = YES;
				CLANG_WARN_COMMA = YES;
				CLANG_WARN_CONSTANT_CONVERSION = YES;
				CLANG_WARN_DEPRECATED_OBJC_IMPLEMENTATIONS = YES;
				CLANG_WARN_DIRECT_OBJC_ISA_USAGE = YES_ERROR;
				CLANG_WARN_DOCUMENTATION_COMMENTS = YES;
				CLANG_WARN_EMPTY_BODY = YES;
				CLANG_WARN_ENUM_CONVERSION = YES;
				CLANG_WARN_INFINITE_RECURSION = YES;
				CLANG_WARN_INT_CONVERSION = YES;
				CLANG_WARN_NON_LITERAL_NULL_CONVERSION = YES;
				CLANG_WARN_OBJC_IMPLICIT_RETAIN_SELF = YES;
				CLANG_WARN_OBJC_LITERAL_CONVERSION = YES;
				CLANG_WARN_OBJC_ROOT_CLASS = YES_ERROR;
				CLANG_WARN_RANGE_LOOP_ANALYSIS = YES;
				CLANG_WARN_STRICT_PROTOTYPES = YES;
				CLANG_WARN_SUSPICIOUS_MOVE = YES;
				CLANG_WARN_UNGUARDED_AVAILABILITY = YES_AGGRESSIVE;
				CLANG_WARN_UNREACHABLE_CODE = YES;
				CLANG_WARN__DUPLICATE_METHOD_MATCH = YES;
				CODE_SIGN_IDENTITY = "iPhone Developer";
				COPY_PHASE_STRIP = NO;
				CURRENT_PROJECT_VERSION = 1;
				DEBUG_INFORMATION_FORMAT = dwarf;
				ENABLE_STRICT_OBJC_MSGSEND = YES;
				ENABLE_TESTABILITY = YES;
				GCC_C_LANGUAGE_STANDARD = gnu11;
				GCC_DYNAMIC_NO_PIC = NO;
				GCC_NO_COMMON_BLOCKS = YES;
				GCC_OPTIMIZATION_LEVEL = 0;
				GCC_PREPROCESSOR_DEFINITIONS = (
					"DEBUG=1",
					"$(inherited)",
				);
				GCC_WARN_64_TO_32_BIT_CONVERSION = YES;
				GCC_WARN_ABOUT_RETURN_TYPE = YES_ERROR;
				GCC_WARN_UNDECLARED_SELECTOR = YES;
				GCC_WARN_UNINITIALIZED_AUTOS = YES_AGGRESSIVE;
				GCC_WARN_UNUSED_FUNCTION = YES;
				GCC_WARN_UNUSED_VARIABLE = YES;
				IPHONEOS_DEPLOYMENT_TARGET = 12.1;
				MTL_ENABLE_DEBUG_INFO = INCLUDE_SOURCE;
				MTL_FAST_MATH = YES;
				ONLY_ACTIVE_ARCH = YES;
				SDKROOT = iphoneos;
				SWIFT_ACTIVE_COMPILATION_CONDITIONS = DEBUG;
				SWIFT_OPTIMIZATION_LEVEL = "-Onone";
				VERSIONING_SYSTEM = "apple-generic";
				VERSION_INFO_PREFIX = "";
			};
			name = Debug;
		};
		841DFBA721AD199D0012DFAB /* Release */ = {
			isa = XCBuildConfiguration;
			buildSettings = {
				ALWAYS_SEARCH_USER_PATHS = NO;
				CLANG_ANALYZER_NONNULL = YES;
				CLANG_ANALYZER_NUMBER_OBJECT_CONVERSION = YES_AGGRESSIVE;
				CLANG_CXX_LANGUAGE_STANDARD = "gnu++14";
				CLANG_CXX_LIBRARY = "libc++";
				CLANG_ENABLE_MODULES = YES;
				CLANG_ENABLE_OBJC_ARC = YES;
				CLANG_ENABLE_OBJC_WEAK = YES;
				CLANG_WARN_BLOCK_CAPTURE_AUTORELEASING = YES;
				CLANG_WARN_BOOL_CONVERSION = YES;
				CLANG_WARN_COMMA = YES;
				CLANG_WARN_CONSTANT_CONVERSION = YES;
				CLANG_WARN_DEPRECATED_OBJC_IMPLEMENTATIONS = YES;
				CLANG_WARN_DIRECT_OBJC_ISA_USAGE = YES_ERROR;
				CLANG_WARN_DOCUMENTATION_COMMENTS = YES;
				CLANG_WARN_EMPTY_BODY = YES;
				CLANG_WARN_ENUM_CONVERSION = YES;
				CLANG_WARN_INFINITE_RECURSION = YES;
				CLANG_WARN_INT_CONVERSION = YES;
				CLANG_WARN_NON_LITERAL_NULL_CONVERSION = YES;
				CLANG_WARN_OBJC_IMPLICIT_RETAIN_SELF = YES;
				CLANG_WARN_OBJC_LITERAL_CONVERSION = YES;
				CLANG_WARN_OBJC_ROOT_CLASS = YES_ERROR;
				CLANG_WARN_RANGE_LOOP_ANALYSIS = YES;
				CLANG_WARN_STRICT_PROTOTYPES = YES;
				CLANG_WARN_SUSPICIOUS_MOVE = YES;
				CLANG_WARN_UNGUARDED_AVAILABILITY = YES_AGGRESSIVE;
				CLANG_WARN_UNREACHABLE_CODE = YES;
				CLANG_WARN__DUPLICATE_METHOD_MATCH = YES;
				CODE_SIGN_IDENTITY = "iPhone Developer";
				COPY_PHASE_STRIP = NO;
				CURRENT_PROJECT_VERSION = 1;
				DEBUG_INFORMATION_FORMAT = "dwarf-with-dsym";
				ENABLE_NS_ASSERTIONS = NO;
				ENABLE_STRICT_OBJC_MSGSEND = YES;
				GCC_C_LANGUAGE_STANDARD = gnu11;
				GCC_NO_COMMON_BLOCKS = YES;
				GCC_WARN_64_TO_32_BIT_CONVERSION = YES;
				GCC_WARN_ABOUT_RETURN_TYPE = YES_ERROR;
				GCC_WARN_UNDECLARED_SELECTOR = YES;
				GCC_WARN_UNINITIALIZED_AUTOS = YES_AGGRESSIVE;
				GCC_WARN_UNUSED_FUNCTION = YES;
				GCC_WARN_UNUSED_VARIABLE = YES;
				IPHONEOS_DEPLOYMENT_TARGET = 12.1;
				MTL_ENABLE_DEBUG_INFO = NO;
				MTL_FAST_MATH = YES;
				SDKROOT = iphoneos;
				SWIFT_COMPILATION_MODE = wholemodule;
				SWIFT_OPTIMIZATION_LEVEL = "-O";
				VALIDATE_PRODUCT = YES;
				VERSIONING_SYSTEM = "apple-generic";
				VERSION_INFO_PREFIX = "";
			};
			name = Release;
		};
		841DFBA921AD199D0012DFAB /* Debug */ = {
			isa = XCBuildConfiguration;
			buildSettings = {
				CLANG_ENABLE_MODULES = YES;
				CODE_SIGN_IDENTITY = "";
				CODE_SIGN_STYLE = Automatic;
				DEFINES_MODULE = YES;
				DYLIB_COMPATIBILITY_VERSION = 1;
				DYLIB_CURRENT_VERSION = 1;
				DYLIB_INSTALL_NAME_BASE = "@rpath";
				INFOPLIST_FILE = Expander/Info.plist;
				INSTALL_PATH = "$(LOCAL_LIBRARY_DIR)/Frameworks";
				LD_RUNPATH_SEARCH_PATHS = (
					"$(inherited)",
					"@executable_path/Frameworks",
					"@loader_path/Frameworks",
				);
				PRODUCT_BUNDLE_IDENTIFIER = com.develop.Expander;
				PRODUCT_NAME = "$(TARGET_NAME:c99extidentifier)";
				SKIP_INSTALL = YES;
				SWIFT_OPTIMIZATION_LEVEL = "-Onone";
				SWIFT_VERSION = 4.2;
				TARGETED_DEVICE_FAMILY = "1,2";
			};
			name = Debug;
		};
		841DFBAA21AD199D0012DFAB /* Release */ = {
			isa = XCBuildConfiguration;
			buildSettings = {
				CLANG_ENABLE_MODULES = YES;
				CODE_SIGN_IDENTITY = "";
				CODE_SIGN_STYLE = Automatic;
				DEFINES_MODULE = YES;
				DYLIB_COMPATIBILITY_VERSION = 1;
				DYLIB_CURRENT_VERSION = 1;
				DYLIB_INSTALL_NAME_BASE = "@rpath";
				INFOPLIST_FILE = Expander/Info.plist;
				INSTALL_PATH = "$(LOCAL_LIBRARY_DIR)/Frameworks";
				LD_RUNPATH_SEARCH_PATHS = (
					"$(inherited)",
					"@executable_path/Frameworks",
					"@loader_path/Frameworks",
				);
				PRODUCT_BUNDLE_IDENTIFIER = com.develop.Expander;
				PRODUCT_NAME = "$(TARGET_NAME:c99extidentifier)";
				SKIP_INSTALL = YES;
				SWIFT_VERSION = 4.2;
				TARGETED_DEVICE_FAMILY = "1,2";
			};
			name = Release;
		};
		841DFBBF21AD19C10012DFAB /* Debug */ = {
			isa = XCBuildConfiguration;
			buildSettings = {
				ASSETCATALOG_COMPILER_APPICON_NAME = AppIcon;
				CODE_SIGN_STYLE = Automatic;
				INFOPLIST_FILE = ExpanderExample/Info.plist;
				LD_RUNPATH_SEARCH_PATHS = (
					"$(inherited)",
					"@executable_path/Frameworks",
				);
				PRODUCT_BUNDLE_IDENTIFIER = com.develop.ExpanderExample;
				PRODUCT_NAME = "$(TARGET_NAME)";
				SWIFT_VERSION = 4.2;
				TARGETED_DEVICE_FAMILY = "1,2";
			};
			name = Debug;
		};
		841DFBC021AD19C10012DFAB /* Release */ = {
			isa = XCBuildConfiguration;
			buildSettings = {
				ASSETCATALOG_COMPILER_APPICON_NAME = AppIcon;
				CODE_SIGN_STYLE = Automatic;
				INFOPLIST_FILE = ExpanderExample/Info.plist;
				LD_RUNPATH_SEARCH_PATHS = (
					"$(inherited)",
					"@executable_path/Frameworks",
				);
				PRODUCT_BUNDLE_IDENTIFIER = com.develop.ExpanderExample;
				PRODUCT_NAME = "$(TARGET_NAME)";
				SWIFT_VERSION = 4.2;
				TARGETED_DEVICE_FAMILY = "1,2";
			};
			name = Release;
		};
/* End XCBuildConfiguration section */

/* Begin XCConfigurationList section */
		841DFB9A21AD199D0012DFAB /* Build configuration list for PBXProject "Expander" */ = {
			isa = XCConfigurationList;
			buildConfigurations = (
				841DFBA621AD199D0012DFAB /* Debug */,
				841DFBA721AD199D0012DFAB /* Release */,
			);
			defaultConfigurationIsVisible = 0;
			defaultConfigurationName = Release;
		};
		841DFBA821AD199D0012DFAB /* Build configuration list for PBXNativeTarget "Expander" */ = {
			isa = XCConfigurationList;
			buildConfigurations = (
				841DFBA921AD199D0012DFAB /* Debug */,
				841DFBAA21AD199D0012DFAB /* Release */,
			);
			defaultConfigurationIsVisible = 0;
			defaultConfigurationName = Release;
		};
		841DFBBE21AD19C10012DFAB /* Build configuration list for PBXNativeTarget "ExpanderExample" */ = {
			isa = XCConfigurationList;
			buildConfigurations = (
				841DFBBF21AD19C10012DFAB /* Debug */,
				841DFBC021AD19C10012DFAB /* Release */,
			);
			defaultConfigurationIsVisible = 0;
			defaultConfigurationName = Release;
		};
/* End XCConfigurationList section */
	};
	rootObject = 841DFB9721AD199D0012DFAB /* Project object */;
}
